<Solution>
  <Folder Name="/1. API/">
    <Project Path="EmployeeManagmentSystem.API/EmployeeManagmentSystem.API.csproj" />
  </Folder>
  <Folder Name="/2. Application/">
    <Project Path="EmployeeManagmentSystem.Application/EmployeeManagmentSystem.Application.csproj" Id="57abe736-8b97-4572-96fe-cab525972354" />
  </Folder>
  <Folder Name="/3. Domain/">
    <Project Path="EmployeeManagmentSystem.Domain/EmployeeManagmentSystem.Domain.csproj" />
  </Folder>
  <Folder Name="/4. Infrastructure/">
    <Project Path="EmployeeManagmentSystem.Infrastructure/EmployeeManagmentSystem.Infrastructure.csproj" Id="f574d373-f4be-450a-a584-fa8eba30931d" />
  </Folder>
  <Folder Name="/5. Tests/">
    <Project Path="EmployeeManagmentSystem.Tests/EmployeeManagmentSystem.Tests.csproj" Id="42b7a1df-f3aa-4b35-b10c-ee86e0922c57" />
  </Folder>
</Solution>
